{
  "object": {
    "pins": [
      {
        "package": "AdaptiveSheets",
        "repositoryURL": "https://github.com/huyparody/AdaptiveSheets.git",
        "state": {
          "branch": null,
          "revision": "2d406e87506208baa363794a99adaf2cc7cb9c04",
          "version": "1.0.0"
        }
      }
    ]
  },
  "version": 1
}
